
Microsoft Visual Studio Solution File, Format Version 12.00
# Visual Studio Version 17
VisualStudioVersion = 17.4.33213.308
MinimumVisualStudioVersion = 10.0.40219.1
Project("{FAE04EC0-301F-11D3-BF4B-00C04F79EFBC}") = "BlazorTest", "BlazorTest\BlazorTest.csproj", "{07C780FB-6B93-4178-9932-7AFC9B53B316}"
EndProject
Global
	GlobalSection(SolutionConfigurationPlatforms) = preSolution
		Debug|Any CPU = Debug|Any CPU
		Release|Any CPU = Release|Any CPU
	EndGlobalSection
	GlobalSection(ProjectConfigurationPlatforms) = postSolution
		{07C780FB-6B93-4178-9932-7AFC9B53B316}.Debug|Any CPU.ActiveCfg = Debug|Any CPU
		{07C780FB-6B93-4178-9932-7AFC9B53B316}.Debug|Any CPU.Build.0 = Debug|Any CPU
		{07C780FB-6B93-4178-9932-7AFC9B53B316}.Release|Any CPU.ActiveCfg = Release|Any CPU
		{07C780FB-6B93-4178-9932-7AFC9B53B316}.Release|Any CPU.Build.0 = Release|Any CPU
	EndGlobalSection
	GlobalSection(SolutionProperties) = preSolution
		HideSolutionNode = FALSE
	EndGlobalSection
	GlobalSection(ExtensibilityGlobals) = postSolution
		SolutionGuid = {9665C19C-37B8-4252-8396-AA9A6E628435}
	EndGlobalSection
EndGlobal
